// !$*UTF8*$!
{
	archiveVersion = 1;
	classes = {
	};
	objectVersion = 46;
	objects = {

/* Begin PBXBuildFile section */
		FB2835CE1E4B3FAF0060ECC8 /* MMWormhole.m in Sources */ = {isa = PBXBuildFile; fileRef = FB2835C01E4B3FAF0060ECC8 /* MMWormhole.m */; };
		FB2835D01E4B3FAF0060ECC8 /* MMWormholeFileTransiting.m in Sources */ = {isa = PBXBuildFile; fileRef = FB2835C41E4B3FAF0060ECC8 /* MMWormholeFileTransiting.m */; };
		FB4EF9341E44C96800A75285 /* FlickrURL.m in Sources */ = {isa = PBXBuildFile; fileRef = FB4EF9331E44C96800A75285 /* FlickrURL.m */; };
		FB4EF9371E44C9FC00A75285 /* TableViewCell.m in Sources */ = {isa = PBXBuildFile; fileRef = FB4EF9361E44C9FC00A75285 /* TableViewCell.m */; };
		FB6FA88D1E44C5FF00060A9D /* main.m in Sources */ = {isa = PBXBuildFile; fileRef = FB6FA88C1E44C5FF00060A9D /* main.m */; };
		FB6FA8901E44C5FF00060A9D /* AppDelegate.m in Sources */ = {isa = PBXBuildFile; fileRef = FB6FA88F1E44C5FF00060A9D /* AppDelegate.m */; };
		FB6FA8931E44C5FF00060A9D /* ViewController.m in Sources */ = {isa = PBXBuildFile; fileRef = FB6FA8921E44C5FF00060A9D /* ViewController.m */; };
		FB6FA8961E44C5FF00060A9D /* Main.storyboard in Resources */ = {isa = PBXBuildFile; fileRef = FB6FA8941E44C5FF00060A9D /* Main.storyboard */; };
		FB6FA8981E44C5FF00060A9D /* Assets.xcassets in Resources */ = {isa = PBXBuildFile; fileRef = FB6FA8971E44C5FF00060A9D /* Assets.xcassets */; };
		FB6FA89B1E44C5FF00060A9D /* LaunchScreen.storyboard in Resources */ = {isa = PBXBuildFile; fileRef = FB6FA8991E44C5FF00060A9D /* LaunchScreen.storyboard */; };
		FB6FA8A61E44C60000060A9D /* WidgetTopTagsTests.m in Sources */ = {isa = PBXBuildFile; fileRef = FB6FA8A51E44C60000060A9D /* WidgetTopTagsTests.m */; };
		FB6FA8B11E44C60000060A9D /* WidgetTopTagsUITests.m in Sources */ = {isa = PBXBuildFile; fileRef = FB6FA8B01E44C60000060A9D /* WidgetTopTagsUITests.m */; };
		FB6FA8C51E44C62200060A9D /* NotificationCenter.framework in Frameworks */ = {isa = PBXBuildFile; fileRef = FB6FA8C41E44C62200060A9D /* NotificationCenter.framework */; };
		FB6FA8C91E44C62200060A9D /* TodayViewController.m in Sources */ = {isa = PBXBuildFile; fileRef = FB6FA8C81E44C62200060A9D /* TodayViewController.m */; };
		FB6FA8CC1E44C62200060A9D /* MainInterface.storyboard in Resources */ = {isa = PBXBuildFile; fileRef = FB6FA8CA1E44C62200060A9D /* MainInterface.storyboard */; };
		FB6FA8D01E44C62200060A9D /* widgetTags.appex in Embed App Extensions */ = {isa = PBXBuildFile; fileRef = FB6FA8C21E44C62200060A9D /* widgetTags.appex */; settings = {ATTRIBUTES = (RemoveHeadersOnCopy, ); }; };
		FBB5F5DB1E4B30C400965FD5 /* MMWormhole.m in Sources */ = {isa = PBXBuildFile; fileRef = FBB5F5CD1E4B30C400965FD5 /* MMWormhole.m */; };
/* End PBXBuildFile section */

/* Begin PBXContainerItemProxy section */
		FB6FA8A21E44C60000060A9D /* PBXContainerItemProxy */ = {
			isa = PBXContainerItemProxy;
			containerPortal = FB6FA8801E44C5FF00060A9D /* Project object */;
			proxyType = 1;
			remoteGlobalIDString = FB6FA8871E44C5FF00060A9D;
			remoteInfo = WidgetTopTags;
		};
		FB6FA8AD1E44C60000060A9D /* PBXContainerItemProxy */ = {
			isa = PBXContainerItemProxy;
			containerPortal = FB6FA8801E44C5FF00060A9D /* Project object */;
			proxyType = 1;
			remoteGlobalIDString = FB6FA8871E44C5FF00060A9D;
			remoteInfo = WidgetTopTags;
		};
		FB6FA8CE1E44C62200060A9D /* PBXContainerItemProxy */ = {
			isa = PBXContainerItemProxy;
			containerPortal = FB6FA8801E44C5FF00060A9D /* Project object */;
			proxyType = 1;
			remoteGlobalIDString = FB6FA8C11E44C62200060A9D;
			remoteInfo = widgetTags;
		};
/* End PBXContainerItemProxy section */

/* Begin PBXCopyFilesBuildPhase section */
		FB6FA8D41E44C62200060A9D /* Embed App Extensions */ = {
			isa = PBXCopyFilesBuildPhase;
			buildActionMask = 2147483647;
			dstPath = "";
			dstSubfolderSpec = 13;
			files = (
				FB6FA8D01E44C62200060A9D /* widgetTags.appex in Embed App Extensions */,
			);
			name = "Embed App Extensions";
			runOnlyForDeploymentPostprocessing = 0;
		};
/* End PBXCopyFilesBuildPhase section */

/* Begin PBXFileReference section */
		FB2835BF1E4B3FAF0060ECC8 /* MMWormhole.h */ = {isa = PBXFileReference; fileEncoding = 4; lastKnownFileType = sourcecode.c.h; path = MMWormhole.h; sourceTree = "<group>"; };
		FB2835C01E4B3FAF0060ECC8 /* MMWormhole.m */ = {isa = PBXFileReference; fileEncoding = 4; lastKnownFileType = sourcecode.c.objc; path = MMWormhole.m; sourceTree = "<group>"; };
		FB2835C31E4B3FAF0060ECC8 /* MMWormholeFileTransiting.h */ = {isa = PBXFileReference; fileEncoding = 4; lastKnownFileType = sourcecode.c.h; path = MMWormholeFileTransiting.h; sourceTree = "<group>"; };
		FB2835C41E4B3FAF0060ECC8 /* MMWormholeFileTransiting.m */ = {isa = PBXFileReference; fileEncoding = 4; lastKnownFileType = sourcecode.c.objc; path = MMWormholeFileTransiting.m; sourceTree = "<group>"; };
		FB4EF9321E44C96800A75285 /* FlickrURL.h */ = {isa = PBXFileReference; fileEncoding = 4; lastKnownFileType = sourcecode.c.h; path = FlickrURL.h; sourceTree = "<group>"; };
		FB4EF9331E44C96800A75285 /* FlickrURL.m */ = {isa = PBXFileReference; fileEncoding = 4; lastKnownFileType = sourcecode.c.objc; path = FlickrURL.m; sourceTree = "<group>"; };
		FB4EF9351E44C9FC00A75285 /* TableViewCell.h */ = {isa = PBXFileReference; fileEncoding = 4; lastKnownFileType = sourcecode.c.h; path = TableViewCell.h; sourceTree = "<group>"; };
		FB4EF9361E44C9FC00A75285 /* TableViewCell.m */ = {isa = PBXFileReference; fileEncoding = 4; lastKnownFileType = sourcecode.c.objc; path = TableViewCell.m; sourceTree = "<group>"; };
		FB6FA8881E44C5FF00060A9D /* WidgetTopTags.app */ = {isa = PBXFileReference; explicitFileType = wrapper.application; includeInIndex = 0; path = WidgetTopTags.app; sourceTree = BUILT_PRODUCTS_DIR; };
		FB6FA88C1E44C5FF00060A9D /* main.m */ = {isa = PBXFileReference; lastKnownFileType = sourcecode.c.objc; path = main.m; sourceTree = "<group>"; };
		FB6FA88E1E44C5FF00060A9D /* AppDelegate.h */ = {isa = PBXFileReference; lastKnownFileType = sourcecode.c.h; path = AppDelegate.h; sourceTree = "<group>"; };
		FB6FA88F1E44C5FF00060A9D /* AppDelegate.m */ = {isa = PBXFileReference; lastKnownFileType = sourcecode.c.objc; path = AppDelegate.m; sourceTree = "<group>"; };
		FB6FA8911E44C5FF00060A9D /* ViewController.h */ = {isa = PBXFileReference; lastKnownFileType = sourcecode.c.h; path = ViewController.h; sourceTree = "<group>"; };
		FB6FA8921E44C5FF00060A9D /* ViewController.m */ = {isa = PBXFileReference; lastKnownFileType = sourcecode.c.objc; path = ViewController.m; sourceTree = "<group>"; };
		FB6FA8951E44C5FF00060A9D /* Base */ = {isa = PBXFileReference; lastKnownFileType = file.storyboard; name = Base; path = Base.lproj/Main.storyboard; sourceTree = "<group>"; };
		FB6FA8971E44C5FF00060A9D /* Assets.xcassets */ = {isa = PBXFileReference; lastKnownFileType = folder.assetcatalog; path = Assets.xcassets; sourceTree = "<group>"; };
		FB6FA89A1E44C5FF00060A9D /* Base */ = {isa = PBXFileReference; lastKnownFileType = file.storyboard; name = Base; path = Base.lproj/LaunchScreen.storyboard; sourceTree = "<group>"; };
		FB6FA89C1E44C5FF00060A9D /* Info.plist */ = {isa = PBXFileReference; lastKnownFileType = text.plist.xml; path = Info.plist; sourceTree = "<group>"; };
		FB6FA8A11E44C60000060A9D /* WidgetTopTagsTests.xctest */ = {isa = PBXFileReference; explicitFileType = wrapper.cfbundle; includeInIndex = 0; path = WidgetTopTagsTests.xctest; sourceTree = BUILT_PRODUCTS_DIR; };
		FB6FA8A51E44C60000060A9D /* WidgetTopTagsTests.m */ = {isa = PBXFileReference; lastKnownFileType = sourcecode.c.objc; path = WidgetTopTagsTests.m; sourceTree = "<group>"; };
		FB6FA8A71E44C60000060A9D /* Info.plist */ = {isa = PBXFileReference; lastKnownFileType = text.plist.xml; path = Info.plist; sourceTree = "<group>"; };
		FB6FA8AC1E44C60000060A9D /* WidgetTopTagsUITests.xctest */ = {isa = PBXFileReference; explicitFileType = wrapper.cfbundle; includeInIndex = 0; path = WidgetTopTagsUITests.xctest; sourceTree = BUILT_PRODUCTS_DIR; };
		FB6FA8B01E44C60000060A9D /* WidgetTopTagsUITests.m */ = {isa = PBXFileReference; lastKnownFileType = sourcecode.c.objc; path = WidgetTopTagsUITests.m; sourceTree = "<group>"; };
		FB6FA8B21E44C60000060A9D /* Info.plist */ = {isa = PBXFileReference; lastKnownFileType = text.plist.xml; path = Info.plist; sourceTree = "<group>"; };
		FB6FA8C21E44C62200060A9D /* widgetTags.appex */ = {isa = PBXFileReference; explicitFileType = "wrapper.app-extension"; includeInIndex = 0; path = widgetTags.appex; sourceTree = BUILT_PRODUCTS_DIR; };
		FB6FA8C41E44C62200060A9D /* NotificationCenter.framework */ = {isa = PBXFileReference; lastKnownFileType = wrapper.framework; name = NotificationCenter.framework; path = System/Library/Frameworks/NotificationCenter.framework; sourceTree = SDKROOT; };
		FB6FA8C71E44C62200060A9D /* TodayViewController.h */ = {isa = PBXFileReference; lastKnownFileType = sourcecode.c.h; path = TodayViewController.h; sourceTree = "<group>"; };
		FB6FA8C81E44C62200060A9D /* TodayViewController.m */ = {isa = PBXFileReference; lastKnownFileType = sourcecode.c.objc; path = TodayViewController.m; sourceTree = "<group>"; };
		FB6FA8CB1E44C62200060A9D /* Base */ = {isa = PBXFileReference; lastKnownFileType = file.storyboard; name = Base; path = Base.lproj/MainInterface.storyboard; sourceTree = "<group>"; };
		FB6FA8CD1E44C62200060A9D /* Info.plist */ = {isa = PBXFileReference; lastKnownFileType = text.plist.xml; path = Info.plist; sourceTree = "<group>"; };
		FB6FA8D51E44C63B00060A9D /* WidgetTopTags.entitlements */ = {isa = PBXFileReference; lastKnownFileType = text.plist.entitlements; path = WidgetTopTags.entitlements; sourceTree = "<group>"; };
		FB6FA8D61E44C68400060A9D /* widgetTags.entitlements */ = {isa = PBXFileReference; lastKnownFileType = text.plist.entitlements; path = widgetTags.entitlements; sourceTree = "<group>"; };
		FBB5F5CC1E4B30C400965FD5 /* MMWormhole.h */ = {isa = PBXFileReference; fileEncoding = 4; lastKnownFileType = sourcecode.c.h; path = MMWormhole.h; sourceTree = "<group>"; };
		FBB5F5CD1E4B30C400965FD5 /* MMWormhole.m */ = {isa = PBXFileReference; fileEncoding = 4; lastKnownFileType = sourcecode.c.objc; path = MMWormhole.m; sourceTree = "<group>"; };
		FBB5F5DA1E4B30C400965FD5 /* MMWormholeTransiting.h */ = {isa = PBXFileReference; fileEncoding = 4; lastKnownFileType = sourcecode.c.h; path = MMWormholeTransiting.h; sourceTree = "<group>"; };
/* End PBXFileReference section */

/* Begin PBXFrameworksBuildPhase section */
		FB6FA8851E44C5FF00060A9D /* Frameworks */ = {
			isa = PBXFrameworksBuildPhase;
			buildActionMask = 2147483647;
			files = (
			);
			runOnlyForDeploymentPostprocessing = 0;
		};
		FB6FA89E1E44C60000060A9D /* Frameworks */ = {
			isa = PBXFrameworksBuildPhase;
			buildActionMask = 2147483647;
			files = (
			);
			runOnlyForDeploymentPostprocessing = 0;
		};
		FB6FA8A91E44C60000060A9D /* Frameworks */ = {
			isa = PBXFrameworksBuildPhase;
			buildActionMask = 2147483647;
			files = (
			);
			runOnlyForDeploymentPostprocessing = 0;
		};
		FB6FA8BF1E44C62200060A9D /* Frameworks */ = {
			isa = PBXFrameworksBuildPhase;
			buildActionMask = 2147483647;
			files = (
				FB6FA8C51E44C62200060A9D /* NotificationCenter.framework in Frameworks */,
			);
			runOnlyForDeploymentPostprocessing = 0;
		};
/* End PBXFrameworksBuildPhase section */

/* Begin PBXGroup section */
		FB6FA87F1E44C5FF00060A9D = {
			isa = PBXGroup;
			children = (
				FB6FA88A1E44C5FF00060A9D /* WidgetTopTags */,
				FB6FA8A41E44C60000060A9D /* WidgetTopTagsTests */,
				FB6FA8AF1E44C60000060A9D /* WidgetTopTagsUITests */,
				FB6FA8C61E44C62200060A9D /* widgetTags */,
				FB6FA8C31E44C62200060A9D /* Frameworks */,
				FB6FA8891E44C5FF00060A9D /* Products */,
			);
			sourceTree = "<group>";
		};
		FB6FA8891E44C5FF00060A9D /* Products */ = {
			isa = PBXGroup;
			children = (
				FB6FA8881E44C5FF00060A9D /* WidgetTopTags.app */,
				FB6FA8A11E44C60000060A9D /* WidgetTopTagsTests.xctest */,
				FB6FA8AC1E44C60000060A9D /* WidgetTopTagsUITests.xctest */,
				FB6FA8C21E44C62200060A9D /* widgetTags.appex */,
			);
			name = Products;
			sourceTree = "<group>";
		};
		FB6FA88A1E44C5FF00060A9D /* WidgetTopTags */ = {
			isa = PBXGroup;
			children = (
				FB6FA8D51E44C63B00060A9D /* WidgetTopTags.entitlements */,
				FB6FA88E1E44C5FF00060A9D /* AppDelegate.h */,
				FB6FA88F1E44C5FF00060A9D /* AppDelegate.m */,
				FB6FA8911E44C5FF00060A9D /* ViewController.h */,
				FB6FA8921E44C5FF00060A9D /* ViewController.m */,
				FBB5F5CC1E4B30C400965FD5 /* MMWormhole.h */,
				FBB5F5CD1E4B30C400965FD5 /* MMWormhole.m */,
				FBB5F5DA1E4B30C400965FD5 /* MMWormholeTransiting.h */,
				FB6FA8941E44C5FF00060A9D /* Main.storyboard */,
				FB6FA8971E44C5FF00060A9D /* Assets.xcassets */,
				FB6FA8991E44C5FF00060A9D /* LaunchScreen.storyboard */,
				FB6FA89C1E44C5FF00060A9D /* Info.plist */,
				FB6FA88B1E44C5FF00060A9D /* Supporting Files */,
				FB4EF9321E44C96800A75285 /* FlickrURL.h */,
				FB4EF9331E44C96800A75285 /* FlickrURL.m */,
			);
			path = WidgetTopTags;
			sourceTree = "<group>";
		};
		FB6FA88B1E44C5FF00060A9D /* Supporting Files */ = {
			isa = PBXGroup;
			children = (
				FB6FA88C1E44C5FF00060A9D /* main.m */,
			);
			name = "Supporting Files";
			sourceTree = "<group>";
		};
		FB6FA8A41E44C60000060A9D /* WidgetTopTagsTests */ = {
			isa = PBXGroup;
			children = (
				FB6FA8A51E44C60000060A9D /* WidgetTopTagsTests.m */,
				FB6FA8A71E44C60000060A9D /* Info.plist */,
			);
			path = WidgetTopTagsTests;
			sourceTree = "<group>";
		};
		FB6FA8AF1E44C60000060A9D /* WidgetTopTagsUITests */ = {
			isa = PBXGroup;
			children = (
				FB6FA8B01E44C60000060A9D /* WidgetTopTagsUITests.m */,
				FB6FA8B21E44C60000060A9D /* Info.plist */,
			);
			path = WidgetTopTagsUITests;
			sourceTree = "<group>";
		};
		FB6FA8C31E44C62200060A9D /* Frameworks */ = {
			isa = PBXGroup;
			children = (
				FB6FA8C41E44C62200060A9D /* NotificationCenter.framework */,
			);
			name = Frameworks;
			sourceTree = "<group>";
		};
		FB6FA8C61E44C62200060A9D /* widgetTags */ = {
			isa = PBXGroup;
			children = (
				FB6FA8D61E44C68400060A9D /* widgetTags.entitlements */,
				FB6FA8C71E44C62200060A9D /* TodayViewController.h */,
				FB6FA8C81E44C62200060A9D /* TodayViewController.m */,
				FB4EF9351E44C9FC00A75285 /* TableViewCell.h */,
				FB4EF9361E44C9FC00A75285 /* TableViewCell.m */,
				FB2835BF1E4B3FAF0060ECC8 /* MMWormhole.h */,
				FB2835C01E4B3FAF0060ECC8 /* MMWormhole.m */,
				FB2835C31E4B3FAF0060ECC8 /* MMWormholeFileTransiting.h */,
				FB2835C41E4B3FAF0060ECC8 /* MMWormholeFileTransiting.m */,
				FB6FA8CA1E44C62200060A9D /* MainInterface.storyboard */,
				FB6FA8CD1E44C62200060A9D /* Info.plist */,
			);
			path = widgetTags;
			sourceTree = "<group>";
		};
/* End PBXGroup section */

/* Begin PBXNativeTarget section */
		FB6FA8871E44C5FF00060A9D /* WidgetTopTags */ = {
			isa = PBXNativeTarget;
			buildConfigurationList = FB6FA8B51E44C60000060A9D /* Build configuration list for PBXNativeTarget "WidgetTopTags" */;
			buildPhases = (
				FB6FA8841E44C5FF00060A9D /* Sources */,
				FB6FA8851E44C5FF00060A9D /* Frameworks */,
				FB6FA8861E44C5FF00060A9D /* Resources */,
				FB6FA8D41E44C62200060A9D /* Embed App Extensions */,
			);
			buildRules = (
			);
			dependencies = (
				FB6FA8CF1E44C62200060A9D /* PBXTargetDependency */,
			);
			name = WidgetTopTags;
			productName = WidgetTopTags;
			productReference = FB6FA8881E44C5FF00060A9D /* WidgetTopTags.app */;
			productType = "com.apple.product-type.application";
		};
		FB6FA8A01E44C60000060A9D /* WidgetTopTagsTests */ = {
			isa = PBXNativeTarget;
			buildConfigurationList = FB6FA8B81E44C60000060A9D /* Build configuration list for PBXNativeTarget "WidgetTopTagsTests" */;
			buildPhases = (
				FB6FA89D1E44C60000060A9D /* Sources */,
				FB6FA89E1E44C60000060A9D /* Frameworks */,
				FB6FA89F1E44C60000060A9D /* Resources */,
			);
			buildRules = (
			);
			dependencies = (
				FB6FA8A31E44C60000060A9D /* PBXTargetDependency */,
			);
			name = WidgetTopTagsTests;
			productName = WidgetTopTagsTests;
			productReference = FB6FA8A11E44C60000060A9D /* WidgetTopTagsTests.xctest */;
			productType = "com.apple.product-type.bundle.unit-test";
		};
		FB6FA8AB1E44C60000060A9D /* WidgetTopTagsUITests */ = {
			isa = PBXNativeTarget;
			buildConfigurationList = FB6FA8BB1E44C60000060A9D /* Build configuration list for PBXNativeTarget "WidgetTopTagsUITests" */;
			buildPhases = (
				FB6FA8A81E44C60000060A9D /* Sources */,
				FB6FA8A91E44C60000060A9D /* Frameworks */,
				FB6FA8AA1E44C60000060A9D /* Resources */,
			);
			buildRules = (
			);
			dependencies = (
				FB6FA8AE1E44C60000060A9D /* PBXTargetDependency */,
			);
			name = WidgetTopTagsUITests;
			productName = WidgetTopTagsUITests;
			productReference = FB6FA8AC1E44C60000060A9D /* WidgetTopTagsUITests.xctest */;
			productType = "com.apple.product-type.bundle.ui-testing";
		};
		FB6FA8C11E44C62200060A9D /* widgetTags */ = {
			isa = PBXNativeTarget;
			buildConfigurationList = FB6FA8D11E44C62200060A9D /* Build configuration list for PBXNativeTarget "widgetTags" */;
			buildPhases = (
				FB6FA8BE1E44C62200060A9D /* Sources */,
				FB6FA8BF1E44C62200060A9D /* Frameworks */,
				FB6FA8C01E44C62200060A9D /* Resources */,
			);
			buildRules = (
			);
			dependencies = (
			);
			name = widgetTags;
			productName = widgetTags;
			productReference = FB6FA8C21E44C62200060A9D /* widgetTags.appex */;
			productType = "com.apple.product-type.app-extension";
		};
/* End PBXNativeTarget section */

/* Begin PBXProject section */
		FB6FA8801E44C5FF00060A9D /* Project object */ = {
			isa = PBXProject;
			attributes = {
				LastUpgradeCheck = 0810;
				ORGANIZATIONNAME = "Anna Zelinskaya";
				TargetAttributes = {
					FB6FA8871E44C5FF00060A9D = {
						CreatedOnToolsVersion = 8.1;
						DevelopmentTeam = G92J989NJ6;
						ProvisioningStyle = Automatic;
						SystemCapabilities = {
							com.apple.ApplicationGroups.iOS = {
								enabled = 1;
							};
						};
					};
					FB6FA8A01E44C60000060A9D = {
						CreatedOnToolsVersion = 8.1;
						DevelopmentTeam = G92J989NJ6;
						ProvisioningStyle = Automatic;
						TestTargetID = FB6FA8871E44C5FF00060A9D;
					};
					FB6FA8AB1E44C60000060A9D = {
						CreatedOnToolsVersion = 8.1;
						DevelopmentTeam = G92J989NJ6;
						ProvisioningStyle = Automatic;
						TestTargetID = FB6FA8871E44C5FF00060A9D;
					};
					FB6FA8C11E44C62200060A9D = {
						CreatedOnToolsVersion = 8.1;
						DevelopmentTeam = G92J989NJ6;
						ProvisioningStyle = Automatic;
						SystemCapabilities = {
							com.apple.ApplicationGroups.iOS = {
								enabled = 1;
							};
						};
					};
				};
			};
			buildConfigurationList = FB6FA8831E44C5FF00060A9D /* Build configuration list for PBXProject "WidgetTopTags" */;
			compatibilityVersion = "Xcode 3.2";
			developmentRegion = English;
			hasScannedForEncodings = 0;
			knownRegions = (
				en,
				Base,
			);
			mainGroup = FB6FA87F1E44C5FF00060A9D;
			productRefGroup = FB6FA8891E44C5FF00060A9D /* Products */;
			projectDirPath = "";
			projectRoot = "";
			targets = (
				FB6FA8871E44C5FF00060A9D /* WidgetTopTags */,
				FB6FA8A01E44C60000060A9D /* WidgetTopTagsTests */,
				FB6FA8AB1E44C60000060A9D /* WidgetTopTagsUITests */,
				FB6FA8C11E44C62200060A9D /* widgetTags */,
			);
		};
/* End PBXProject section */

/* Begin PBXResourcesBuildPhase section */
		FB6FA8861E44C5FF00060A9D /* Resources */ = {
			isa = PBXResourcesBuildPhase;
			buildActionMask = 2147483647;
			files = (
				FB6FA89B1E44C5FF00060A9D /* LaunchScreen.storyboard in Resources */,
				FB6FA8981E44C5FF00060A9D /* Assets.xcassets in Resources */,
				FB6FA8961E44C5FF00060A9D /* Main.storyboard in Resources */,
			);
			runOnlyForDeploymentPostprocessing = 0;
		};
		FB6FA89F1E44C60000060A9D /* Resources */ = {
			isa = PBXResourcesBuildPhase;
			buildActionMask = 2147483647;
			files = (
			);
			runOnlyForDeploymentPostprocessing = 0;
		};
		FB6FA8AA1E44C60000060A9D /* Resources */ = {
			isa = PBXResourcesBuildPhase;
			buildActionMask = 2147483647;
			files = (
			);
			runOnlyForDeploymentPostprocessing = 0;
		};
		FB6FA8C01E44C62200060A9D /* Resources */ = {
			isa = PBXResourcesBuildPhase;
			buildActionMask = 2147483647;
			files = (
				FB6FA8CC1E44C62200060A9D /* MainInterface.storyboard in Resources */,
			);
			runOnlyForDeploymentPostprocessing = 0;
		};
/* End PBXResourcesBuildPhase section */

/* Begin PBXSourcesBuildPhase section */
		FB6FA8841E44C5FF00060A9D /* Sources */ = {
			isa = PBXSourcesBuildPhase;
			buildActionMask = 2147483647;
			files = (
				FB4EF9341E44C96800A75285 /* FlickrURL.m in Sources */,
				FBB5F5DB1E4B30C400965FD5 /* MMWormhole.m in Sources */,
				FB6FA8931E44C5FF00060A9D /* ViewController.m in Sources */,
				FB6FA8901E44C5FF00060A9D /* AppDelegate.m in Sources */,
				FB6FA88D1E44C5FF00060A9D /* main.m in Sources */,
			);
			runOnlyForDeploymentPostprocessing = 0;
		};
		FB6FA89D1E44C60000060A9D /* Sources */ = {
			isa = PBXSourcesBuildPhase;
			buildActionMask = 2147483647;
			files = (
				FB6FA8A61E44C60000060A9D /* WidgetTopTagsTests.m in Sources */,
			);
			runOnlyForDeploymentPostprocessing = 0;
		};
		FB6FA8A81E44C60000060A9D /* Sources */ = {
			isa = PBXSourcesBuildPhase;
			buildActionMask = 2147483647;
			files = (
				FB6FA8B11E44C60000060A9D /* WidgetTopTagsUITests.m in Sources */,
			);
			runOnlyForDeploymentPostprocessing = 0;
		};
		FB6FA8BE1E44C62200060A9D /* Sources */ = {
			isa = PBXSourcesBuildPhase;
			buildActionMask = 2147483647;
			files = (
				FB4EF9371E44C9FC00A75285 /* TableViewCell.m in Sources */,
				FB6FA8C91E44C62200060A9D /* TodayViewController.m in Sources */,
				FB2835D01E4B3FAF0060ECC8 /* MMWormholeFileTransiting.m in Sources */,
				FB2835CE1E4B3FAF0060ECC8 /* MMWormhole.m in Sources */,
			);
			runOnlyForDeploymentPostprocessing = 0;
		};
/* End PBXSourcesBuildPhase section */

/* Begin PBXTargetDependency section */
		FB6FA8A31E44C60000060A9D /* PBXTargetDependency */ = {
			isa = PBXTargetDependency;
			target = FB6FA8871E44C5FF00060A9D /* WidgetTopTags */;
			targetProxy = FB6FA8A21E44C60000060A9D /* PBXContainerItemProxy */;
		};
		FB6FA8AE1E44C60000060A9D /* PBXTargetDependency */ = {
			isa = PBXTargetDependency;
			target = FB6FA8871E44C5FF00060A9D /* WidgetTopTags */;
			targetProxy = FB6FA8AD1E44C60000060A9D /* PBXContainerItemProxy */;
		};
		FB6FA8CF1E44C62200060A9D /* PBXTargetDependency */ = {
			isa = PBXTargetDependency;
			target = FB6FA8C11E44C62200060A9D /* widgetTags */;
			targetProxy = FB6FA8CE1E44C62200060A9D /* PBXContainerItemProxy */;
		};
/* End PBXTargetDependency section */

/* Begin PBXVariantGroup section */
		FB6FA8941E44C5FF00060A9D /* Main.storyboard */ = {
			isa = PBXVariantGroup;
			children = (
				FB6FA8951E44C5FF00060A9D /* Base */,
			);
			name = Main.storyboard;
			sourceTree = "<group>";
		};
		FB6FA8991E44C5FF00060A9D /* LaunchScreen.storyboard */ = {
			isa = PBXVariantGroup;
			children = (
				FB6FA89A1E44C5FF00060A9D /* Base */,
			);
			name = LaunchScreen.storyboard;
			sourceTree = "<group>";
		};
		FB6FA8CA1E44C62200060A9D /* MainInterface.storyboard */ = {
			isa = PBXVariantGroup;
			children = (
				FB6FA8CB1E44C62200060A9D /* Base */,
			);
			name = MainInterface.storyboard;
			sourceTree = "<group>";
		};
/* End PBXVariantGroup section */

/* Begin XCBuildConfiguration section */
		FB6FA8B31E44C60000060A9D /* Debug */ = {
			isa = XCBuildConfiguration;
			buildSettings = {
				ALWAYS_SEARCH_USER_PATHS = NO;
				CLANG_ANALYZER_NONNULL = YES;
				CLANG_CXX_LANGUAGE_STANDARD = "gnu++0x";
				CLANG_CXX_LIBRARY = "libc++";
				CLANG_ENABLE_MODULES = YES;
				CLANG_ENABLE_OBJC_ARC = YES;
				CLANG_WARN_BOOL_CONVERSION = YES;
				CLANG_WARN_CONSTANT_CONVERSION = YES;
				CLANG_WARN_DIRECT_OBJC_ISA_USAGE = YES_ERROR;
				CLANG_WARN_DOCUMENTATION_COMMENTS = YES;
				CLANG_WARN_EMPTY_BODY = YES;
				CLANG_WARN_ENUM_CONVERSION = YES;
				CLANG_WARN_INFINITE_RECURSION = YES;
				CLANG_WARN_INT_CONVERSION = YES;
				CLANG_WARN_OBJC_ROOT_CLASS = YES_ERROR;
				CLANG_WARN_SUSPICIOUS_MOVES = YES;
				CLANG_WARN_UNREACHABLE_CODE = YES;
				CLANG_WARN__DUPLICATE_METHOD_MATCH = YES;
				"CODE_SIGN_IDENTITY[sdk=iphoneos*]" = "iPhone Developer";
				COPY_PHASE_STRIP = NO;
				DEBUG_INFORMATION_FORMAT = dwarf;
				ENABLE_STRICT_OBJC_MSGSEND = YES;
				ENABLE_TESTABILITY = YES;
				GCC_C_LANGUAGE_STANDARD = gnu99;
				GCC_DYNAMIC_NO_PIC = NO;
				GCC_NO_COMMON_BLOCKS = YES;
				GCC_OPTIMIZATION_LEVEL = 0;
				GCC_PREPROCESSOR_DEFINITIONS = (
					"DEBUG=1",
					"$(inherited)",
				);
				GCC_WARN_64_TO_32_BIT_CONVERSION = YES;
				GCC_WARN_ABOUT_RETURN_TYPE = YES_ERROR;
				GCC_WARN_UNDECLARED_SELECTOR = YES;
				GCC_WARN_UNINITIALIZED_AUTOS = YES_AGGRESSIVE;
				GCC_WARN_UNUSED_FUNCTION = YES;
				GCC_WARN_UNUSED_VARIABLE = YES;
				IPHONEOS_DEPLOYMENT_TARGET = 10.1;
				MTL_ENABLE_DEBUG_INFO = YES;
				ONLY_ACTIVE_ARCH = YES;
				SDKROOT = iphoneos;
				TARGETED_DEVICE_FAMILY = "1,2";
			};
			name = Debug;
		};
		FB6FA8B41E44C60000060A9D /* Release */ = {
			isa = XCBuildConfiguration;
			buildSettings = {
				ALWAYS_SEARCH_USER_PATHS = NO;
				CLANG_ANALYZER_NONNULL = YES;
				CLANG_CXX_LANGUAGE_STANDARD = "gnu++0x";
				CLANG_CXX_LIBRARY = "libc++";
				CLANG_ENABLE_MODULES = YES;
				CLANG_ENABLE_OBJC_ARC = YES;
				CLANG_WARN_BOOL_CONVERSION = YES;
				CLANG_WARN_CONSTANT_CONVERSION = YES;
				CLANG_WARN_DIRECT_OBJC_ISA_USAGE = YES_ERROR;
				CLANG_WARN_DOCUMENTATION_COMMENTS = YES;
				CLANG_WARN_EMPTY_BODY = YES;
				CLANG_WARN_ENUM_CONVERSION = YES;
				CLANG_WARN_INFINITE_RECURSION = YES;
				CLANG_WARN_INT_CONVERSION = YES;
				CLANG_WARN_OBJC_ROOT_CLASS = YES_ERROR;
				CLANG_WARN_SUSPICIOUS_MOVES = YES;
				CLANG_WARN_UNREACHABLE_CODE = YES;
				CLANG_WARN__DUPLICATE_METHOD_MATCH = YES;
				"CODE_SIGN_IDENTITY[sdk=iphoneos*]" = "iPhone Developer";
				COPY_PHASE_STRIP = NO;
				DEBUG_INFORMATION_FORMAT = "dwarf-with-dsym";
				ENABLE_NS_ASSERTIONS = NO;
				ENABLE_STRICT_OBJC_MSGSEND = YES;
				GCC_C_LANGUAGE_STANDARD = gnu99;
				GCC_NO_COMMON_BLOCKS = YES;
				GCC_WARN_64_TO_32_BIT_CONVERSION = YES;
				GCC_WARN_ABOUT_RETURN_TYPE = YES_ERROR;
				GCC_WARN_UNDECLARED_SELECTOR = YES;
				GCC_WARN_UNINITIALIZED_AUTOS = YES_AGGRESSIVE;
				GCC_WARN_UNUSED_FUNCTION = YES;
				GCC_WARN_UNUSED_VARIABLE = YES;
				IPHONEOS_DEPLOYMENT_TARGET = 10.1;
				MTL_ENABLE_DEBUG_INFO = NO;
				SDKROOT = iphoneos;
				TARGETED_DEVICE_FAMILY = "1,2";
				VALIDATE_PRODUCT = YES;
			};
			name = Release;
		};
		FB6FA8B61E44C60000060A9D /* Debug */ = {
			isa = XCBuildConfiguration;
			buildSettings = {
				ASSETCATALOG_COMPILER_APPICON_NAME = AppIcon;
				CODE_SIGN_ENTITLEMENTS = WidgetTopTags/WidgetTopTags.entitlements;
				DEVELOPMENT_TEAM = G92J989NJ6;
				INFOPLIST_FILE = WidgetTopTags/Info.plist;
				LD_RUNPATH_SEARCH_PATHS = "$(inherited) @executable_path/Frameworks";
				PRODUCT_BUNDLE_IDENTIFIER = com.digdes.WidgetTopTags;
				PRODUCT_NAME = "$(TARGET_NAME)";
			};
			name = Debug;
		};
		FB6FA8B71E44C60000060A9D /* Release */ = {
			isa = XCBuildConfiguration;
			buildSettings = {
				ASSETCATALOG_COMPILER_APPICON_NAME = AppIcon;
				CODE_SIGN_ENTITLEMENTS = WidgetTopTags/WidgetTopTags.entitlements;
				DEVELOPMENT_TEAM = G92J989NJ6;
				INFOPLIST_FILE = WidgetTopTags/Info.plist;
				LD_RUNPATH_SEARCH_PATHS = "$(inherited) @executable_path/Frameworks";
				PRODUCT_BUNDLE_IDENTIFIER = com.digdes.WidgetTopTags;
				PRODUCT_NAME = "$(TARGET_NAME)";
			};
			name = Release;
		};
		FB6FA8B91E44C60000060A9D /* Debug */ = {
			isa = XCBuildConfiguration;
			buildSettings = {
				BUNDLE_LOADER = "$(TEST_HOST)";
				DEVELOPMENT_TEAM = G92J989NJ6;
				INFOPLIST_FILE = WidgetTopTagsTests/Info.plist;
				LD_RUNPATH_SEARCH_PATHS = "$(inherited) @executable_path/Frameworks @loader_path/Frameworks";
				PRODUCT_BUNDLE_IDENTIFIER = com.digdes.WidgetTopTagsTests;
				PRODUCT_NAME = "$(TARGET_NAME)";
				TEST_HOST = "$(BUILT_PRODUCTS_DIR)/WidgetTopTags.app/WidgetTopTags";
			};
			name = Debug;
		};
		FB6FA8BA1E44C60000060A9D /* Release */ = {
			isa = XCBuildConfiguration;
			buildSettings = {
				BUNDLE_LOADER = "$(TEST_HOST)";
				DEVELOPMENT_TEAM = G92J989NJ6;
				INFOPLIST_FILE = WidgetTopTagsTests/Info.plist;
				LD_RUNPATH_SEARCH_PATHS = "$(inherited) @executable_path/Frameworks @loader_path/Frameworks";
				PRODUCT_BUNDLE_IDENTIFIER = com.digdes.WidgetTopTagsTests;
				PRODUCT_NAME = "$(TARGET_NAME)";
				TEST_HOST = "$(BUILT_PRODUCTS_DIR)/WidgetTopTags.app/WidgetTopTags";
			};
			name = Release;
		};
		FB6FA8BC1E44C60000060A9D /* Debug */ = {
			isa = XCBuildConfiguration;
			buildSettings = {
				DEVELOPMENT_TEAM = G92J989NJ6;
				INFOPLIST_FILE = WidgetTopTagsUITests/Info.plist;
				LD_RUNPATH_SEARCH_PATHS = "$(inherited) @executable_path/Frameworks @loader_path/Frameworks";
				PRODUCT_BUNDLE_IDENTIFIER = com.digdes.WidgetTopTagsUITests;
				PRODUCT_NAME = "$(TARGET_NAME)";
				TEST_TARGET_NAME = WidgetTopTags;
			};
			name = Debug;
		};
		FB6FA8BD1E44C60000060A9D /* Release */ = {
			isa = XCBuildConfiguration;
			buildSettings = {
				DEVELOPMENT_TEAM = G92J989NJ6;
				INFOPLIST_FILE = WidgetTopTagsUITests/Info.plist;
				LD_RUNPATH_SEARCH_PATHS = "$(inherited) @executable_path/Frameworks @loader_path/Frameworks";
				PRODUCT_BUNDLE_IDENTIFIER = com.digdes.WidgetTopTagsUITests;
				PRODUCT_NAME = "$(TARGET_NAME)";
				TEST_TARGET_NAME = WidgetTopTags;
			};
			name = Release;
		};
		FB6FA8D21E44C62200060A9D /* Debug */ = {
			isa = XCBuildConfiguration;
			buildSettings = {
				CODE_SIGN_ENTITLEMENTS = widgetTags/widgetTags.entitlements;
				DEVELOPMENT_TEAM = G92J989NJ6;
				INFOPLIST_FILE = widgetTags/Info.plist;
				LD_RUNPATH_SEARCH_PATHS = "$(inherited) @executable_path/Frameworks @executable_path/../../Frameworks";
				PRODUCT_BUNDLE_IDENTIFIER = com.digdes.WidgetTopTags.widgetTags;
				PRODUCT_NAME = "$(TARGET_NAME)";
				SKIP_INSTALL = YES;
			};
			name = Debug;
		};
		FB6FA8D31E44C62200060A9D /* Release */ = {
			isa = XCBuildConfiguration;
			buildSettings = {
				CODE_SIGN_ENTITLEMENTS = widgetTags/widgetTags.entitlements;
				DEVELOPMENT_TEAM = G92J989NJ6;
				INFOPLIST_FILE = widgetTags/Info.plist;
				LD_RUNPATH_SEARCH_PATHS = "$(inherited) @executable_path/Frameworks @executable_path/../../Frameworks";
				PRODUCT_BUNDLE_IDENTIFIER = com.digdes.WidgetTopTags.widgetTags;
				PRODUCT_NAME = "$(TARGET_NAME)";
				SKIP_INSTALL = YES;
			};
			name = Release;
		};
/* End XCBuildConfiguration section */

/* Begin XCConfigurationList section */
		FB6FA8831E44C5FF00060A9D /* Build configuration list for PBXProject "WidgetTopTags" */ = {
			isa = XCConfigurationList;
			buildConfigurations = (
				FB6FA8B31E44C60000060A9D /* Debug */,
				FB6FA8B41E44C60000060A9D /* Release */,
			);
			defaultConfigurationIsVisible = 0;
			defaultConfigurationName = Release;
		};
		FB6FA8B51E44C60000060A9D /* Build configuration list for PBXNativeTarget "WidgetTopTags" */ = {
			isa = XCConfigurationList;
			buildConfigurations = (
				FB6FA8B61E44C60000060A9D /* Debug */,
				FB6FA8B71E44C60000060A9D /* Release */,
			);
			defaultConfigurationIsVisible = 0;
			defaultConfigurationName = Release;
		};
		FB6FA8B81E44C60000060A9D /* Build configuration list for PBXNativeTarget "WidgetTopTagsTests" */ = {
			isa = XCConfigurationList;
			buildConfigurations = (
				FB6FA8B91E44C60000060A9D /* Debug */,
				FB6FA8BA1E44C60000060A9D /* Release */,
			);
			defaultConfigurationIsVisible = 0;
			defaultConfigurationName = Release;
		};
		FB6FA8BB1E44C60000060A9D /* Build configuration list for PBXNativeTarget "WidgetTopTagsUITests" */ = {
			isa = XCConfigurationList;
			buildConfigurations = (
				FB6FA8BC1E44C60000060A9D /* Debug */,
				FB6FA8BD1E44C60000060A9D /* Release */,
			);
			defaultConfigurationIsVisible = 0;
			defaultConfigurationName = Release;
		};
		FB6FA8D11E44C62200060A9D /* Build configuration list for PBXNativeTarget "widgetTags" */ = {
			isa = XCConfigurationList;
			buildConfigurations = (
				FB6FA8D21E44C62200060A9D /* Debug */,
				FB6FA8D31E44C62200060A9D /* Release */,
			);
			defaultConfigurationIsVisible = 0;
			defaultConfigurationName = Release;
		};
/* End XCConfigurationList section */
	};
	rootObject = FB6FA8801E44C5FF00060A9D /* Project object */;
}
